
Microsoft Visual Studio Solution File, Format Version 12.00
# Visual Studio Version 16
VisualStudioVersion = 16.0.31911.196
MinimumVisualStudioVersion = 10.0.40219.1
Project("{FAE04EC0-301F-11D3-BF4B-00C04F79EFBC}") = "API_Contacts", "API_Contacts\API_Contacts.csproj", "{D74E75B1-96A5-4789-AA63-78BED686C95F}"
EndProject
Global
	GlobalSection(SolutionConfigurationPlatforms) = preSolution
		Debug|Any CPU = Debug|Any CPU
		Release|Any CPU = Release|Any CPU
	EndGlobalSection
	GlobalSection(ProjectConfigurationPlatforms) = postSolution
		{D74E75B1-96A5-4789-AA63-78BED686C95F}.Debug|Any CPU.ActiveCfg = Debug|Any CPU
		{D74E75B1-96A5-4789-AA63-78BED686C95F}.Debug|Any CPU.Build.0 = Debug|Any CPU
		{D74E75B1-96A5-4789-AA63-78BED686C95F}.Release|Any CPU.ActiveCfg = Release|Any CPU
		{D74E75B1-96A5-4789-AA63-78BED686C95F}.Release|Any CPU.Build.0 = Release|Any CPU
	EndGlobalSection
	GlobalSection(SolutionProperties) = preSolution
		HideSolutionNode = FALSE
	EndGlobalSection
	GlobalSection(ExtensibilityGlobals) = postSolution
		SolutionGuid = {2EB8B2C6-66E1-4AFA-BB7A-6B88A186C7B4}
	EndGlobalSection
EndGlobal
